
Microsoft Visual Studio Solution File, Format Version 12.00
# Visual Studio Version 17
VisualStudioVersion = 17.0.32002.185
MinimumVisualStudioVersion = 10.0.40219.1
Project("{FAE04EC0-301F-11D3-BF4B-00C04F79EFBC}") = "Quiz Assignment", "Quiz Assignment\Quiz Assignment.csproj", "{214034A7-9213-4B74-915B-D861B3C651F4}"
EndProject
Global
	GlobalSection(SolutionConfigurationPlatforms) = preSolution
		Debug|Any CPU = Debug|Any CPU
		Release|Any CPU = Release|Any CPU
	EndGlobalSection
	GlobalSection(ProjectConfigurationPlatforms) = postSolution
		{214034A7-9213-4B74-915B-D861B3C651F4}.Debug|Any CPU.ActiveCfg = Debug|Any CPU
		{214034A7-9213-4B74-915B-D861B3C651F4}.Debug|Any CPU.Build.0 = Debug|Any CPU
		{214034A7-9213-4B74-915B-D861B3C651F4}.Release|Any CPU.ActiveCfg = Release|Any CPU
		{214034A7-9213-4B74-915B-D861B3C651F4}.Release|Any CPU.Build.0 = Release|Any CPU
	EndGlobalSection
	GlobalSection(SolutionProperties) = preSolution
		HideSolutionNode = FALSE
	EndGlobalSection
	GlobalSection(ExtensibilityGlobals) = postSolution
		SolutionGuid = {250A4519-C7E1-4845-A5D3-B45EFC782A30}
	EndGlobalSection
EndGlobal
